
Microsoft Visual Studio Solution File, Format Version 12.00
# Visual Studio Version 17
VisualStudioVersion = 17.0.31903.59
MinimumVisualStudioVersion = 10.0.40219.1
Project("{FAE04EC0-301F-11D3-BF4B-00C04F79EFBC}") = "Opcion1CanelitaTeam", "Opcion1CanelitaTeam.csproj", "{9C0241CE-4DDE-4F7D-8F44-21F74E225A9F}"
EndProject
Global
	GlobalSection(SolutionConfigurationPlatforms) = preSolution
		Debug|Any CPU = Debug|Any CPU
		Release|Any CPU = Release|Any CPU
	EndGlobalSection
	GlobalSection(SolutionProperties) = preSolution
		HideSolutionNode = FALSE
	EndGlobalSection
	GlobalSection(ProjectConfigurationPlatforms) = postSolution
		{9C0241CE-4DDE-4F7D-8F44-21F74E225A9F}.Debug|Any CPU.ActiveCfg = Debug|Any CPU
		{9C0241CE-4DDE-4F7D-8F44-21F74E225A9F}.Debug|Any CPU.Build.0 = Debug|Any CPU
		{9C0241CE-4DDE-4F7D-8F44-21F74E225A9F}.Release|Any CPU.ActiveCfg = Release|Any CPU
		{9C0241CE-4DDE-4F7D-8F44-21F74E225A9F}.Release|Any CPU.Build.0 = Release|Any CPU
	EndGlobalSection
EndGlobal
